// !$*UTF8*$!
{
	archiveVersion = 1;
	classes = {
	};
	objectVersion = 77;
	objects = {

/* Begin PBXBuildFile section */
		E1F7C4962DB898F6002CDA2A /* Swifter in Frameworks */ = {isa = PBXBuildFile; productRef = E1F7C4952DB898F6002CDA2A /* Swifter */; };
		E1F7C4982DB898F6002CDA2A /* Example in Frameworks */ = {isa = PBXBuildFile; productRef = E1F7C4972DB898F6002CDA2A /* Example */; };
/* End PBXBuildFile section */

/* Begin PBXContainerItemProxy section */
		E1433F602DB8138100A2D706 /* PBXContainerItemProxy */ = {
			isa = PBXContainerItemProxy;
			containerPortal = E1433F4A2DB8138100A2D706 /* Project object */;
			proxyType = 1;
			remoteGlobalIDString = E1433F512DB8138100A2D706;
			remoteInfo = Localify;
		};
		E1433F6A2DB8138100A2D706 /* PBXContainerItemProxy */ = {
			isa = PBXContainerItemProxy;
			containerPortal = E1433F4A2DB8138100A2D706 /* Project object */;
			proxyType = 1;
			remoteGlobalIDString = E1433F512DB8138100A2D706;
			remoteInfo = Localify;
		};
/* End PBXContainerItemProxy section */

/* Begin PBXFileReference section */
		E1433F522DB8138100A2D706 /* Localify.app */ = {isa = PBXFileReference; explicitFileType = wrapper.application; includeInIndex = 0; path = Localify.app; sourceTree = BUILT_PRODUCTS_DIR; };
		E1433F5F2DB8138100A2D706 /* LocalifyTests.xctest */ = {isa = PBXFileReference; explicitFileType = wrapper.cfbundle; includeInIndex = 0; path = LocalifyTests.xctest; sourceTree = BUILT_PRODUCTS_DIR; };
		E1433F692DB8138100A2D706 /* LocalifyUITests.xctest */ = {isa = PBXFileReference; explicitFileType = wrapper.cfbundle; includeInIndex = 0; path = LocalifyUITests.xctest; sourceTree = BUILT_PRODUCTS_DIR; };
/* End PBXFileReference section */

/* Begin PBXFileSystemSynchronizedBuildFileExceptionSet section */
		E1F7C49A2DB89918002CDA2A /* Exceptions for "Localify" folder in "Localify" target */ = {
			isa = PBXFileSystemSynchronizedBuildFileExceptionSet;
			membershipExceptions = (
				Info.plist,
			);
			target = E1433F512DB8138100A2D706 /* Localify */;
		};
/* End PBXFileSystemSynchronizedBuildFileExceptionSet section */

/* Begin PBXFileSystemSynchronizedRootGroup section */
		E1433F542DB8138100A2D706 /* Localify */ = {
			isa = PBXFileSystemSynchronizedRootGroup;
			exceptions = (
				E1F7C49A2DB89918002CDA2A /* Exceptions for "Localify" folder in "Localify" target */,
			);
			path = Localify;
			sourceTree = "<group>";
		};
		E1433F622DB8138100A2D706 /* LocalifyTests */ = {
			isa = PBXFileSystemSynchronizedRootGroup;
			path = LocalifyTests;
			sourceTree = "<group>";
		};
		E1433F6C2DB8138100A2D706 /* LocalifyUITests */ = {
			isa = PBXFileSystemSynchronizedRootGroup;
			path = LocalifyUITests;
			sourceTree = "<group>";
		};
/* End PBXFileSystemSynchronizedRootGroup section */

/* Begin PBXFrameworksBuildPhase section */
		E1433F4F2DB8138100A2D706 /* Frameworks */ = {
			isa = PBXFrameworksBuildPhase;
			buildActionMask = 2147483647;
			files = (
				E1F7C4962DB898F6002CDA2A /* Swifter in Frameworks */,
				E1F7C4982DB898F6002CDA2A /* Example in Frameworks */,
			);
			runOnlyForDeploymentPostprocessing = 0;
		};
		E1433F5C2DB8138100A2D706 /* Frameworks */ = {
			isa = PBXFrameworksBuildPhase;
			buildActionMask = 2147483647;
			files = (
			);
			runOnlyForDeploymentPostprocessing = 0;
		};
		E1433F662DB8138100A2D706 /* Frameworks */ = {
			isa = PBXFrameworksBuildPhase;
			buildActionMask = 2147483647;
			files = (
			);
			runOnlyForDeploymentPostprocessing = 0;
		};
/* End PBXFrameworksBuildPhase section */

/* Begin PBXGroup section */
		E1433F492DB8138100A2D706 = {
			isa = PBXGroup;
			children = (
				E1433F542DB8138100A2D706 /* Localify */,
				E1433F622DB8138100A2D706 /* LocalifyTests */,
				E1433F6C2DB8138100A2D706 /* LocalifyUITests */,
				E1433F532DB8138100A2D706 /* Products */,
			);
			sourceTree = "<group>";
		};
		E1433F532DB8138100A2D706 /* Products */ = {
			isa = PBXGroup;
			children = (
				E1433F522DB8138100A2D706 /* Localify.app */,
				E1433F5F2DB8138100A2D706 /* LocalifyTests.xctest */,
				E1433F692DB8138100A2D706 /* LocalifyUITests.xctest */,
			);
			name = Products;
			sourceTree = "<group>";
		};
/* End PBXGroup section */

/* Begin PBXNativeTarget section */
		E1433F512DB8138100A2D706 /* Localify */ = {
			isa = PBXNativeTarget;
			buildConfigurationList = E1433F732DB8138100A2D706 /* Build configuration list for PBXNativeTarget "Localify" */;
			buildPhases = (
				E1433F4E2DB8138100A2D706 /* Sources */,
				E1433F4F2DB8138100A2D706 /* Frameworks */,
				E1433F502DB8138100A2D706 /* Resources */,
			);
			buildRules = (
			);
			dependencies = (
			);
			fileSystemSynchronizedGroups = (
				E1433F542DB8138100A2D706 /* Localify */,
			);
			name = Localify;
			packageProductDependencies = (
				E1F7C4952DB898F6002CDA2A /* Swifter */,
				E1F7C4972DB898F6002CDA2A /* Example */,
			);
			productName = Localify;
			productReference = E1433F522DB8138100A2D706 /* Localify.app */;
			productType = "com.apple.product-type.application";
		};
		E1433F5E2DB8138100A2D706 /* LocalifyTests */ = {
			isa = PBXNativeTarget;
			buildConfigurationList = E1433F762DB8138100A2D706 /* Build configuration list for PBXNativeTarget "LocalifyTests" */;
			buildPhases = (
				E1433F5B2DB8138100A2D706 /* Sources */,
				E1433F5C2DB8138100A2D706 /* Frameworks */,
				E1433F5D2DB8138100A2D706 /* Resources */,
			);
			buildRules = (
			);
			dependencies = (
				E1433F612DB8138100A2D706 /* PBXTargetDependency */,
			);
			fileSystemSynchronizedGroups = (
				E1433F622DB8138100A2D706 /* LocalifyTests */,
			);
			name = LocalifyTests;
			packageProductDependencies = (
			);
			productName = LocalifyTests;
			productReference = E1433F5F2DB8138100A2D706 /* LocalifyTests.xctest */;
			productType = "com.apple.product-type.bundle.unit-test";
		};
		E1433F682DB8138100A2D706 /* LocalifyUITests */ = {
			isa = PBXNativeTarget;
			buildConfigurationList = E1433F792DB8138100A2D706 /* Build configuration list for PBXNativeTarget "LocalifyUITests" */;
			buildPhases = (
				E1433F652DB8138100A2D706 /* Sources */,
				E1433F662DB8138100A2D706 /* Frameworks */,
				E1433F672DB8138100A2D706 /* Resources */,
			);
			buildRules = (
			);
			dependencies = (
				E1433F6B2DB8138100A2D706 /* PBXTargetDependency */,
			);
			fileSystemSynchronizedGroups = (
				E1433F6C2DB8138100A2D706 /* LocalifyUITests */,
			);
			name = LocalifyUITests;
			packageProductDependencies = (
			);
			productName = LocalifyUITests;
			productReference = E1433F692DB8138100A2D706 /* LocalifyUITests.xctest */;
			productType = "com.apple.product-type.bundle.ui-testing";
		};
/* End PBXNativeTarget section */

/* Begin PBXProject section */
		E1433F4A2DB8138100A2D706 /* Project object */ = {
			isa = PBXProject;
			attributes = {
				BuildIndependentTargetsInParallel = 1;
				LastSwiftUpdateCheck = 1630;
				LastUpgradeCheck = 1630;
				TargetAttributes = {
					E1433F512DB8138100A2D706 = {
						CreatedOnToolsVersion = 16.3;
					};
					E1433F5E2DB8138100A2D706 = {
						CreatedOnToolsVersion = 16.3;
						TestTargetID = E1433F512DB8138100A2D706;
					};
					E1433F682DB8138100A2D706 = {
						CreatedOnToolsVersion = 16.3;
						TestTargetID = E1433F512DB8138100A2D706;
					};
				};
			};
			buildConfigurationList = E1433F4D2DB8138100A2D706 /* Build configuration list for PBXProject "Localify" */;
			developmentRegion = en;
			hasScannedForEncodings = 0;
			knownRegions = (
				en,
				Base,
			);
			mainGroup = E1433F492DB8138100A2D706;
			minimizedProjectReferenceProxies = 1;
			packageReferences = (
				E1F7C4942DB898F6002CDA2A /* XCRemoteSwiftPackageReference "swifter" */,
			);
			preferredProjectObjectVersion = 77;
			productRefGroup = E1433F532DB8138100A2D706 /* Products */;
			projectDirPath = "";
			projectRoot = "";
			targets = (
				E1433F512DB8138100A2D706 /* Localify */,
				E1433F5E2DB8138100A2D706 /* LocalifyTests */,
				E1433F682DB8138100A2D706 /* LocalifyUITests */,
			);
		};
/* End PBXProject section */

/* Begin PBXResourcesBuildPhase section */
		E1433F502DB8138100A2D706 /* Resources */ = {
			isa = PBXResourcesBuildPhase;
			buildActionMask = 2147483647;
			files = (
			);
			runOnlyForDeploymentPostprocessing = 0;
		};
		E1433F5D2DB8138100A2D706 /* Resources */ = {
			isa = PBXResourcesBuildPhase;
			buildActionMask = 2147483647;
			files = (
			);
			runOnlyForDeploymentPostprocessing = 0;
		};
		E1433F672DB8138100A2D706 /* Resources */ = {
			isa = PBXResourcesBuildPhase;
			buildActionMask = 2147483647;
			files = (
			);
			runOnlyForDeploymentPostprocessing = 0;
		};
/* End PBXResourcesBuildPhase section */

/* Begin PBXSourcesBuildPhase section */
		E1433F4E2DB8138100A2D706 /* Sources */ = {
			isa = PBXSourcesBuildPhase;
			buildActionMask = 2147483647;
			files = (
			);
			runOnlyForDeploymentPostprocessing = 0;
		};
		E1433F5B2DB8138100A2D706 /* Sources */ = {
			isa = PBXSourcesBuildPhase;
			buildActionMask = 2147483647;
			files = (
			);
			runOnlyForDeploymentPostprocessing = 0;
		};
		E1433F652DB8138100A2D706 /* Sources */ = {
			isa = PBXSourcesBuildPhase;
			buildActionMask = 2147483647;
			files = (
			);
			runOnlyForDeploymentPostprocessing = 0;
		};
/* End PBXSourcesBuildPhase section */

/* Begin PBXTargetDependency section */
		E1433F612DB8138100A2D706 /* PBXTargetDependency */ = {
			isa = PBXTargetDependency;
			target = E1433F512DB8138100A2D706 /* Localify */;
			targetProxy = E1433F602DB8138100A2D706 /* PBXContainerItemProxy */;
		};
		E1433F6B2DB8138100A2D706 /* PBXTargetDependency */ = {
			isa = PBXTargetDependency;
			target = E1433F512DB8138100A2D706 /* Localify */;
			targetProxy = E1433F6A2DB8138100A2D706 /* PBXContainerItemProxy */;
		};
/* End PBXTargetDependency section */

/* Begin XCBuildConfiguration section */
		E1433F712DB8138100A2D706 /* Debug */ = {
			isa = XCBuildConfiguration;
			buildSettings = {
				ALWAYS_SEARCH_USER_PATHS = NO;
				ASSETCATALOG_COMPILER_GENERATE_SWIFT_ASSET_SYMBOL_EXTENSIONS = YES;
				CLANG_ANALYZER_NONNULL = YES;
				CLANG_ANALYZER_NUMBER_OBJECT_CONVERSION = YES_AGGRESSIVE;
				CLANG_CXX_LANGUAGE_STANDARD = "gnu++20";
				CLANG_ENABLE_MODULES = YES;
				CLANG_ENABLE_OBJC_ARC = YES;
				CLANG_ENABLE_OBJC_WEAK = YES;
				CLANG_WARN_BLOCK_CAPTURE_AUTORELEASING = YES;
				CLANG_WARN_BOOL_CONVERSION = YES;
				CLANG_WARN_COMMA = YES;
				CLANG_WARN_CONSTANT_CONVERSION = YES;
				CLANG_WARN_DEPRECATED_OBJC_IMPLEMENTATIONS = YES;
				CLANG_WARN_DIRECT_OBJC_ISA_USAGE = YES_ERROR;
				CLANG_WARN_DOCUMENTATION_COMMENTS = YES;
				CLANG_WARN_EMPTY_BODY = YES;
				CLANG_WARN_ENUM_CONVERSION = YES;
				CLANG_WARN_INFINITE_RECURSION = YES;
				CLANG_WARN_INT_CONVERSION = YES;
				CLANG_WARN_NON_LITERAL_NULL_CONVERSION = YES;
				CLANG_WARN_OBJC_IMPLICIT_RETAIN_SELF = YES;
				CLANG_WARN_OBJC_LITERAL_CONVERSION = YES;
				CLANG_WARN_OBJC_ROOT_CLASS = YES_ERROR;
				CLANG_WARN_QUOTED_INCLUDE_IN_FRAMEWORK_HEADER = YES;
				CLANG_WARN_RANGE_LOOP_ANALYSIS = YES;
				CLANG_WARN_STRICT_PROTOTYPES = YES;
				CLANG_WARN_SUSPICIOUS_MOVE = YES;
				CLANG_WARN_UNGUARDED_AVAILABILITY = YES_AGGRESSIVE;
				CLANG_WARN_UNREACHABLE_CODE = YES;
				CLANG_WARN__DUPLICATE_METHOD_MATCH = YES;
				COPY_PHASE_STRIP = NO;
				DEBUG_INFORMATION_FORMAT = dwarf;
				DEVELOPMENT_TEAM = 8J7AVU8UN6;
				ENABLE_STRICT_OBJC_MSGSEND = YES;
				ENABLE_TESTABILITY = YES;
				ENABLE_USER_SCRIPT_SANDBOXING = YES;
				GCC_C_LANGUAGE_STANDARD = gnu17;
				GCC_DYNAMIC_NO_PIC = NO;
				GCC_NO_COMMON_BLOCKS = YES;
				GCC_OPTIMIZATION_LEVEL = 0;
				GCC_PREPROCESSOR_DEFINITIONS = (
					"DEBUG=1",
					"$(inherited)",
				);
				GCC_WARN_64_TO_32_BIT_CONVERSION = YES;
				GCC_WARN_ABOUT_RETURN_TYPE = YES_ERROR;
				GCC_WARN_UNDECLARED_SELECTOR = YES;
				GCC_WARN_UNINITIALIZED_AUTOS = YES_AGGRESSIVE;
				GCC_WARN_UNUSED_FUNCTION = YES;
				GCC_WARN_UNUSED_VARIABLE = YES;
				IPHONEOS_DEPLOYMENT_TARGET = 18.4;
				LOCALIZATION_PREFERS_STRING_CATALOGS = YES;
				MTL_ENABLE_DEBUG_INFO = INCLUDE_SOURCE;
				MTL_FAST_MATH = YES;
				ONLY_ACTIVE_ARCH = YES;
				SDKROOT = iphoneos;
				SWIFT_ACTIVE_COMPILATION_CONDITIONS = "DEBUG $(inherited)";
				SWIFT_OPTIMIZATION_LEVEL = "-Onone";
			};
			name = Debug;
		};
		E1433F722DB8138100A2D706 /* Release */ = {
			isa = XCBuildConfiguration;
			buildSettings = {
				ALWAYS_SEARCH_USER_PATHS = NO;
				ASSETCATALOG_COMPILER_GENERATE_SWIFT_ASSET_SYMBOL_EXTENSIONS = YES;
				CLANG_ANALYZER_NONNULL = YES;
				CLANG_ANALYZER_NUMBER_OBJECT_CONVERSION = YES_AGGRESSIVE;
				CLANG_CXX_LANGUAGE_STANDARD = "gnu++20";
				CLANG_ENABLE_MODULES = YES;
				CLANG_ENABLE_OBJC_ARC = YES;
				CLANG_ENABLE_OBJC_WEAK = YES;
				CLANG_WARN_BLOCK_CAPTURE_AUTORELEASING = YES;
				CLANG_WARN_BOOL_CONVERSION = YES;
				CLANG_WARN_COMMA = YES;
				CLANG_WARN_CONSTANT_CONVERSION = YES;
				CLANG_WARN_DEPRECATED_OBJC_IMPLEMENTATIONS = YES;
				CLANG_WARN_DIRECT_OBJC_ISA_USAGE = YES_ERROR;
				CLANG_WARN_DOCUMENTATION_COMMENTS = YES;
				CLANG_WARN_EMPTY_BODY = YES;
				CLANG_WARN_ENUM_CONVERSION = YES;
				CLANG_WARN_INFINITE_RECURSION = YES;
				CLANG_WARN_INT_CONVERSION = YES;
				CLANG_WARN_NON_LITERAL_NULL_CONVERSION = YES;
				CLANG_WARN_OBJC_IMPLICIT_RETAIN_SELF = YES;
				CLANG_WARN_OBJC_LITERAL_CONVERSION = YES;
				CLANG_WARN_OBJC_ROOT_CLASS = YES_ERROR;
				CLANG_WARN_QUOTED_INCLUDE_IN_FRAMEWORK_HEADER = YES;
				CLANG_WARN_RANGE_LOOP_ANALYSIS = YES;
				CLANG_WARN_STRICT_PROTOTYPES = YES;
				CLANG_WARN_SUSPICIOUS_MOVE = YES;
				CLANG_WARN_UNGUARDED_AVAILABILITY = YES_AGGRESSIVE;
				CLANG_WARN_UNREACHABLE_CODE = YES;
				CLANG_WARN__DUPLICATE_METHOD_MATCH = YES;
				COPY_PHASE_STRIP = NO;
				DEBUG_INFORMATION_FORMAT = "dwarf-with-dsym";
				DEVELOPMENT_TEAM = 8J7AVU8UN6;
				ENABLE_NS_ASSERTIONS = NO;
				ENABLE_STRICT_OBJC_MSGSEND = YES;
				ENABLE_USER_SCRIPT_SANDBOXING = YES;
				GCC_C_LANGUAGE_STANDARD = gnu17;
				GCC_NO_COMMON_BLOCKS = YES;
				GCC_WARN_64_TO_32_BIT_CONVERSION = YES;
				GCC_WARN_ABOUT_RETURN_TYPE = YES_ERROR;
				GCC_WARN_UNDECLARED_SELECTOR = YES;
				GCC_WARN_UNINITIALIZED_AUTOS = YES_AGGRESSIVE;
				GCC_WARN_UNUSED_FUNCTION = YES;
				GCC_WARN_UNUSED_VARIABLE = YES;
				IPHONEOS_DEPLOYMENT_TARGET = 18.4;
				LOCALIZATION_PREFERS_STRING_CATALOGS = YES;
				MTL_ENABLE_DEBUG_INFO = NO;
				MTL_FAST_MATH = YES;
				SDKROOT = iphoneos;
				SWIFT_COMPILATION_MODE = wholemodule;
				VALIDATE_PRODUCT = YES;
			};
			name = Release;
		};
		E1433F742DB8138100A2D706 /* Debug */ = {
			isa = XCBuildConfiguration;
			buildSettings = {
				ASSETCATALOG_COMPILER_APPICON_NAME = AppIcon;
				ASSETCATALOG_COMPILER_GLOBAL_ACCENT_COLOR_NAME = AccentColor;
				CODE_SIGN_ENTITLEMENTS = Localify/Localify.entitlements;
				CODE_SIGN_STYLE = Automatic;
				CURRENT_PROJECT_VERSION = 1;
				DEVELOPMENT_TEAM = 8J7AVU8UN6;
				ENABLE_PREVIEWS = YES;
				GENERATE_INFOPLIST_FILE = YES;
				INFOPLIST_FILE = Localify/Info.plist;
				INFOPLIST_KEY_GCSupportsControllerUserInteraction = YES;
				INFOPLIST_KEY_LSApplicationCategoryType = "public.app-category.developer-tools";
				INFOPLIST_KEY_LSSupportsOpeningDocumentsInPlace = YES;
				INFOPLIST_KEY_UIApplicationSceneManifest_Generation = YES;
				INFOPLIST_KEY_UIApplicationSupportsIndirectInputEvents = YES;
				INFOPLIST_KEY_UILaunchScreen_Generation = YES;
				INFOPLIST_KEY_UISupportedInterfaceOrientations_iPad = "UIInterfaceOrientationPortrait UIInterfaceOrientationPortraitUpsideDown UIInterfaceOrientationLandscapeLeft UIInterfaceOrientationLandscapeRight";
				INFOPLIST_KEY_UISupportedInterfaceOrientations_iPhone = "UIInterfaceOrientationPortrait UIInterfaceOrientationLandscapeLeft UIInterfaceOrientationLandscapeRight";
				IPHONEOS_DEPLOYMENT_TARGET = 15.6;
				LD_RUNPATH_SEARCH_PATHS = (
					"$(inherited)",
					"@executable_path/Frameworks",
				);
				MARKETING_VERSION = 1.0;
				PRODUCT_BUNDLE_IDENTIFIER = com.speedy67.Localify;
				PRODUCT_NAME = "$(TARGET_NAME)";
				SWIFT_EMIT_LOC_STRINGS = YES;
				SWIFT_VERSION = 5.0;
				TARGETED_DEVICE_FAMILY = "1,2";
			};
			name = Debug;
		};
		E1433F752DB8138100A2D706 /* Release */ = {
			isa = XCBuildConfiguration;
			buildSettings = {
				ASSETCATALOG_COMPILER_APPICON_NAME = AppIcon;
				ASSETCATALOG_COMPILER_GLOBAL_ACCENT_COLOR_NAME = AccentColor;
				CODE_SIGN_ENTITLEMENTS = Localify/Localify.entitlements;
				CODE_SIGN_STYLE = Automatic;
				CURRENT_PROJECT_VERSION = 1;
				DEVELOPMENT_TEAM = 8J7AVU8UN6;
				ENABLE_PREVIEWS = YES;
				GENERATE_INFOPLIST_FILE = YES;
				INFOPLIST_FILE = Localify/Info.plist;
				INFOPLIST_KEY_GCSupportsControllerUserInteraction = YES;
				INFOPLIST_KEY_LSApplicationCategoryType = "public.app-category.developer-tools";
				INFOPLIST_KEY_LSSupportsOpeningDocumentsInPlace = YES;
				INFOPLIST_KEY_UIApplicationSceneManifest_Generation = YES;
				INFOPLIST_KEY_UIApplicationSupportsIndirectInputEvents = YES;
				INFOPLIST_KEY_UILaunchScreen_Generation = YES;
				INFOPLIST_KEY_UISupportedInterfaceOrientations_iPad = "UIInterfaceOrientationPortrait UIInterfaceOrientationPortraitUpsideDown UIInterfaceOrientationLandscapeLeft UIInterfaceOrientationLandscapeRight";
				INFOPLIST_KEY_UISupportedInterfaceOrientations_iPhone = "UIInterfaceOrientationPortrait UIInterfaceOrientationLandscapeLeft UIInterfaceOrientationLandscapeRight";
				IPHONEOS_DEPLOYMENT_TARGET = 15.6;
				LD_RUNPATH_SEARCH_PATHS = (
					"$(inherited)",
					"@executable_path/Frameworks",
				);
				MARKETING_VERSION = 1.0;
				PRODUCT_BUNDLE_IDENTIFIER = com.speedy67.Localify;
				PRODUCT_NAME = "$(TARGET_NAME)";
				SWIFT_EMIT_LOC_STRINGS = YES;
				SWIFT_VERSION = 5.0;
				TARGETED_DEVICE_FAMILY = "1,2";
			};
			name = Release;
		};
		E1433F772DB8138100A2D706 /* Debug */ = {
			isa = XCBuildConfiguration;
			buildSettings = {
				BUNDLE_LOADER = "$(TEST_HOST)";
				CODE_SIGN_STYLE = Automatic;
				CURRENT_PROJECT_VERSION = 1;
				DEVELOPMENT_TEAM = 8J7AVU8UN6;
				GENERATE_INFOPLIST_FILE = YES;
				IPHONEOS_DEPLOYMENT_TARGET = 18.4;
				MARKETING_VERSION = 1.0;
				PRODUCT_BUNDLE_IDENTIFIER = com.speedy67.LocalifyTests;
				PRODUCT_NAME = "$(TARGET_NAME)";
				SWIFT_EMIT_LOC_STRINGS = NO;
				SWIFT_VERSION = 5.0;
				TARGETED_DEVICE_FAMILY = "1,2";
				TEST_HOST = "$(BUILT_PRODUCTS_DIR)/Localify.app/$(BUNDLE_EXECUTABLE_FOLDER_PATH)/Localify";
			};
			name = Debug;
		};
		E1433F782DB8138100A2D706 /* Release */ = {
			isa = XCBuildConfiguration;
			buildSettings = {
				BUNDLE_LOADER = "$(TEST_HOST)";
				CODE_SIGN_STYLE = Automatic;
				CURRENT_PROJECT_VERSION = 1;
				DEVELOPMENT_TEAM = 8J7AVU8UN6;
				GENERATE_INFOPLIST_FILE = YES;
				IPHONEOS_DEPLOYMENT_TARGET = 18.4;
				MARKETING_VERSION = 1.0;
				PRODUCT_BUNDLE_IDENTIFIER = com.speedy67.LocalifyTests;
				PRODUCT_NAME = "$(TARGET_NAME)";
				SWIFT_EMIT_LOC_STRINGS = NO;
				SWIFT_VERSION = 5.0;
				TARGETED_DEVICE_FAMILY = "1,2";
				TEST_HOST = "$(BUILT_PRODUCTS_DIR)/Localify.app/$(BUNDLE_EXECUTABLE_FOLDER_PATH)/Localify";
			};
			name = Release;
		};
		E1433F7A2DB8138100A2D706 /* Debug */ = {
			isa = XCBuildConfiguration;
			buildSettings = {
				CODE_SIGN_STYLE = Automatic;
				CURRENT_PROJECT_VERSION = 1;
				DEVELOPMENT_TEAM = 8J7AVU8UN6;
				GENERATE_INFOPLIST_FILE = YES;
				MARKETING_VERSION = 1.0;
				PRODUCT_BUNDLE_IDENTIFIER = com.speedy67.LocalifyUITests;
				PRODUCT_NAME = "$(TARGET_NAME)";
				SWIFT_EMIT_LOC_STRINGS = NO;
				SWIFT_VERSION = 5.0;
				TARGETED_DEVICE_FAMILY = "1,2";
				TEST_TARGET_NAME = Localify;
			};
			name = Debug;
		};
		E1433F7B2DB8138100A2D706 /* Release */ = {
			isa = XCBuildConfiguration;
			buildSettings = {
				CODE_SIGN_STYLE = Automatic;
				CURRENT_PROJECT_VERSION = 1;
				DEVELOPMENT_TEAM = 8J7AVU8UN6;
				GENERATE_INFOPLIST_FILE = YES;
				MARKETING_VERSION = 1.0;
				PRODUCT_BUNDLE_IDENTIFIER = com.speedy67.LocalifyUITests;
				PRODUCT_NAME = "$(TARGET_NAME)";
				SWIFT_EMIT_LOC_STRINGS = NO;
				SWIFT_VERSION = 5.0;
				TARGETED_DEVICE_FAMILY = "1,2";
				TEST_TARGET_NAME = Localify;
			};
			name = Release;
		};
/* End XCBuildConfiguration section */

/* Begin XCConfigurationList section */
		E1433F4D2DB8138100A2D706 /* Build configuration list for PBXProject "Localify" */ = {
			isa = XCConfigurationList;
			buildConfigurations = (
				E1433F712DB8138100A2D706 /* Debug */,
				E1433F722DB8138100A2D706 /* Release */,
			);
			defaultConfigurationIsVisible = 0;
			defaultConfigurationName = Release;
		};
		E1433F732DB8138100A2D706 /* Build configuration list for PBXNativeTarget "Localify" */ = {
			isa = XCConfigurationList;
			buildConfigurations = (
				E1433F742DB8138100A2D706 /* Debug */,
				E1433F752DB8138100A2D706 /* Release */,
			);
			defaultConfigurationIsVisible = 0;
			defaultConfigurationName = Release;
		};
		E1433F762DB8138100A2D706 /* Build configuration list for PBXNativeTarget "LocalifyTests" */ = {
			isa = XCConfigurationList;
			buildConfigurations = (
				E1433F772DB8138100A2D706 /* Debug */,
				E1433F782DB8138100A2D706 /* Release */,
			);
			defaultConfigurationIsVisible = 0;
			defaultConfigurationName = Release;
		};
		E1433F792DB8138100A2D706 /* Build configuration list for PBXNativeTarget "LocalifyUITests" */ = {
			isa = XCConfigurationList;
			buildConfigurations = (
				E1433F7A2DB8138100A2D706 /* Debug */,
				E1433F7B2DB8138100A2D706 /* Release */,
			);
			defaultConfigurationIsVisible = 0;
			defaultConfigurationName = Release;
		};
/* End XCConfigurationList section */

/* Begin XCRemoteSwiftPackageReference section */
		E1F7C4942DB898F6002CDA2A /* XCRemoteSwiftPackageReference "swifter" */ = {
			isa = XCRemoteSwiftPackageReference;
			repositoryURL = "https://github.com/httpswift/swifter.git";
			requirement = {
				kind = upToNextMajorVersion;
				minimumVersion = 1.5.0;
			};
		};
/* End XCRemoteSwiftPackageReference section */

/* Begin XCSwiftPackageProductDependency section */
		E1F7C4952DB898F6002CDA2A /* Swifter */ = {
			isa = XCSwiftPackageProductDependency;
			package = E1F7C4942DB898F6002CDA2A /* XCRemoteSwiftPackageReference "swifter" */;
			productName = Swifter;
		};
		E1F7C4972DB898F6002CDA2A /* Example */ = {
			isa = XCSwiftPackageProductDependency;
			package = E1F7C4942DB898F6002CDA2A /* XCRemoteSwiftPackageReference "swifter" */;
			productName = Example;
		};
/* End XCSwiftPackageProductDependency section */
	};
	rootObject = E1433F4A2DB8138100A2D706 /* Project object */;
}
